
Microsoft Visual Studio Solution File, Format Version 12.00
# Visual Studio Version 16
VisualStudioVersion = 16.0.28803.202
MinimumVisualStudioVersion = 10.0.40219.1
Project("{FAE04EC0-301F-11D3-BF4B-00C04F79EFBC}") = "RoleManagement.Model", "RoleManagement.Model\RoleManagement.Model.csproj", "{51382D27-BF89-4B57-B100-AE16FF7D4AFE}"
EndProject
Project("{FAE04EC0-301F-11D3-BF4B-00C04F79EFBC}") = "ConsoleApp1", "ConsoleApp1\ConsoleApp1.csproj", "{B6CCD672-EE92-41E5-87D8-B9B6F27441EE}"
EndProject
Project("{FAE04EC0-301F-11D3-BF4B-00C04F79EFBC}") = "RoleManagement.EFDAL", "RoleManagement.EFDAL\RoleManagement.EFDAL.csproj", "{C97EE8A5-02FF-48B7-831C-E4508079BC75}"
EndProject
Project("{FAE04EC0-301F-11D3-BF4B-00C04F79EFBC}") = "RoleManagement.Service", "RoleManagement.Service\RoleManagement.Service.csproj", "{390FB10F-E6CA-47FB-A430-AF13628C033F}"
EndProject
Project("{FAE04EC0-301F-11D3-BF4B-00C04F79EFBC}") = "RoleManagementAPI", "RoleManagementAPI\RoleManagementAPI.csproj", "{84A2AAB6-7824-4A8D-B46C-E15471CA06E2}"
EndProject
Project("{FAE04EC0-301F-11D3-BF4B-00C04F79EFBC}") = "RoleManagement.Utils", "RoleManagement.Utils\RoleManagement.Utils.csproj", "{32917503-F9D0-4405-B575-76E31E76F459}"
EndProject
Global
	GlobalSection(SolutionConfigurationPlatforms) = preSolution
		Debug|Any CPU = Debug|Any CPU
		Release|Any CPU = Release|Any CPU
	EndGlobalSection
	GlobalSection(ProjectConfigurationPlatforms) = postSolution
		{51382D27-BF89-4B57-B100-AE16FF7D4AFE}.Debug|Any CPU.ActiveCfg = Debug|Any CPU
		{51382D27-BF89-4B57-B100-AE16FF7D4AFE}.Debug|Any CPU.Build.0 = Debug|Any CPU
		{51382D27-BF89-4B57-B100-AE16FF7D4AFE}.Release|Any CPU.ActiveCfg = Release|Any CPU
		{51382D27-BF89-4B57-B100-AE16FF7D4AFE}.Release|Any CPU.Build.0 = Release|Any CPU
		{B6CCD672-EE92-41E5-87D8-B9B6F27441EE}.Debug|Any CPU.ActiveCfg = Debug|Any CPU
		{B6CCD672-EE92-41E5-87D8-B9B6F27441EE}.Debug|Any CPU.Build.0 = Debug|Any CPU
		{B6CCD672-EE92-41E5-87D8-B9B6F27441EE}.Release|Any CPU.ActiveCfg = Release|Any CPU
		{B6CCD672-EE92-41E5-87D8-B9B6F27441EE}.Release|Any CPU.Build.0 = Release|Any CPU
		{C97EE8A5-02FF-48B7-831C-E4508079BC75}.Debug|Any CPU.ActiveCfg = Debug|Any CPU
		{C97EE8A5-02FF-48B7-831C-E4508079BC75}.Debug|Any CPU.Build.0 = Debug|Any CPU
		{C97EE8A5-02FF-48B7-831C-E4508079BC75}.Release|Any CPU.ActiveCfg = Release|Any CPU
		{C97EE8A5-02FF-48B7-831C-E4508079BC75}.Release|Any CPU.Build.0 = Release|Any CPU
		{390FB10F-E6CA-47FB-A430-AF13628C033F}.Debug|Any CPU.ActiveCfg = Debug|Any CPU
		{390FB10F-E6CA-47FB-A430-AF13628C033F}.Debug|Any CPU.Build.0 = Debug|Any CPU
		{390FB10F-E6CA-47FB-A430-AF13628C033F}.Release|Any CPU.ActiveCfg = Release|Any CPU
		{390FB10F-E6CA-47FB-A430-AF13628C033F}.Release|Any CPU.Build.0 = Release|Any CPU
		{84A2AAB6-7824-4A8D-B46C-E15471CA06E2}.Debug|Any CPU.ActiveCfg = Debug|Any CPU
		{84A2AAB6-7824-4A8D-B46C-E15471CA06E2}.Debug|Any CPU.Build.0 = Debug|Any CPU
		{84A2AAB6-7824-4A8D-B46C-E15471CA06E2}.Release|Any CPU.ActiveCfg = Release|Any CPU
		{84A2AAB6-7824-4A8D-B46C-E15471CA06E2}.Release|Any CPU.Build.0 = Release|Any CPU
		{32917503-F9D0-4405-B575-76E31E76F459}.Debug|Any CPU.ActiveCfg = Debug|Any CPU
		{32917503-F9D0-4405-B575-76E31E76F459}.Debug|Any CPU.Build.0 = Debug|Any CPU
		{32917503-F9D0-4405-B575-76E31E76F459}.Release|Any CPU.ActiveCfg = Release|Any CPU
		{32917503-F9D0-4405-B575-76E31E76F459}.Release|Any CPU.Build.0 = Release|Any CPU
	EndGlobalSection
	GlobalSection(SolutionProperties) = preSolution
		HideSolutionNode = FALSE
	EndGlobalSection
	GlobalSection(ExtensibilityGlobals) = postSolution
		SolutionGuid = {67B97CE4-F2C9-4322-ADE1-E3FE1C162906}
	EndGlobalSection
EndGlobal
